Microsoft Visual Studio Solution File, Format Version 8.00
Project("{8BC9CEB8-8B4A-11D0-8D11-00A0C91BC942}") = "apr", "..\..\apr\apr.vcproj", "{36FF3773-63F4-43B5-9AD0-EE8285D5AAD1}"
	ProjectSection(ProjectDependencies) = postProject
	EndProjectSection
EndProject
Project("{8BC9CEB8-8B4A-11D0-8D11-00A0C91BC942}") = "xml", "..\..\apr-util\xml\expat\lib\xml.vcproj", "{C595DCBC-BF82-43BF-B2C6-9F160A541DAC}"
	ProjectSection(ProjectDependencies) = postProject
	EndProjectSection
EndProject
Project("{8BC9CEB8-8B4A-11D0-8D11-00A0C91BC942}") = "aprutil", "..\..\apr-util\aprutil.vcproj", "{9A60C030-A6BB-443D-B490-682DCFE027FE}"
	ProjectSection(ProjectDependencies) = postProject
		{36FF3773-63F4-43B5-9AD0-EE8285D5AAD1} = {36FF3773-63F4-43B5-9AD0-EE8285D5AAD1}
		{C595DCBC-BF82-43BF-B2C6-9F160A541DAC} = {C595DCBC-BF82-43BF-B2C6-9F160A541DAC}
	EndProjectSection
EndProject
Project("{8BC9CEB8-8B4A-11D0-8D11-00A0C91BC942}") = "log4cxx", "log4cxx.vcproj", "{3E1F0205-41A4-41D9-B569-7FB1058111F2}"
	ProjectSection(ProjectDependencies) = postProject
		{9A60C030-A6BB-443D-B490-682DCFE027FE} = {9A60C030-A6BB-443D-B490-682DCFE027FE}
		{36FF3773-63F4-43B5-9AD0-EE8285D5AAD1} = {36FF3773-63F4-43B5-9AD0-EE8285D5AAD1}
		{C595DCBC-BF82-43BF-B2C6-9F160A541DAC} = {C595DCBC-BF82-43BF-B2C6-9F160A541DAC}
	EndProjectSection
EndProject
Global
	GlobalSection(SolutionConfiguration) = preSolution
		Debug = Debug
		Debug9x = Debug9x
		MDd = MDd
		MTd = MTd
		Release = Release
		Release9x = Release9x
	EndGlobalSection
	GlobalSection(ProjectDependencies) = postSolution
	EndGlobalSection
	GlobalSection(ProjectConfiguration) = postSolution
		{36FF3773-63F4-43B5-9AD0-EE8285D5AAD1}.Debug.ActiveCfg = Debug|Win32
		{36FF3773-63F4-43B5-9AD0-EE8285D5AAD1}.Debug.Build.0 = Debug|Win32
		{36FF3773-63F4-43B5-9AD0-EE8285D5AAD1}.Debug9x.ActiveCfg = Debug9x|Win32
		{36FF3773-63F4-43B5-9AD0-EE8285D5AAD1}.Debug9x.Build.0 = Debug9x|Win32
		{36FF3773-63F4-43B5-9AD0-EE8285D5AAD1}.MDd.ActiveCfg = MDd|Win32
		{36FF3773-63F4-43B5-9AD0-EE8285D5AAD1}.MDd.Build.0 = MDd|Win32
		{36FF3773-63F4-43B5-9AD0-EE8285D5AAD1}.MTd.ActiveCfg = MTd|Win32
		{36FF3773-63F4-43B5-9AD0-EE8285D5AAD1}.MTd.Build.0 = MTd|Win32
		{36FF3773-63F4-43B5-9AD0-EE8285D5AAD1}.Release.ActiveCfg = Release|Win32
		{36FF3773-63F4-43B5-9AD0-EE8285D5AAD1}.Release.Build.0 = Release|Win32
		{36FF3773-63F4-43B5-9AD0-EE8285D5AAD1}.Release9x.ActiveCfg = Release9x|Win32
		{36FF3773-63F4-43B5-9AD0-EE8285D5AAD1}.Release9x.Build.0 = Release9x|Win32
		{C595DCBC-BF82-43BF-B2C6-9F160A541DAC}.Debug.ActiveCfg = Debug|Win32
		{C595DCBC-BF82-43BF-B2C6-9F160A541DAC}.Debug.Build.0 = Debug|Win32
		{C595DCBC-BF82-43BF-B2C6-9F160A541DAC}.Debug9x.ActiveCfg = Debug|Win32
		{C595DCBC-BF82-43BF-B2C6-9F160A541DAC}.Debug9x.Build.0 = Debug|Win32
		{C595DCBC-BF82-43BF-B2C6-9F160A541DAC}.MDd.ActiveCfg = MDd|Win32
		{C595DCBC-BF82-43BF-B2C6-9F160A541DAC}.MDd.Build.0 = MDd|Win32
		{C595DCBC-BF82-43BF-B2C6-9F160A541DAC}.MTd.ActiveCfg = MTd|Win32
		{C595DCBC-BF82-43BF-B2C6-9F160A541DAC}.MTd.Build.0 = MTd|Win32
		{C595DCBC-BF82-43BF-B2C6-9F160A541DAC}.Release.ActiveCfg = Release|Win32
		{C595DCBC-BF82-43BF-B2C6-9F160A541DAC}.Release.Build.0 = Release|Win32
		{C595DCBC-BF82-43BF-B2C6-9F160A541DAC}.Release9x.ActiveCfg = Release|Win32
		{C595DCBC-BF82-43BF-B2C6-9F160A541DAC}.Release9x.Build.0 = Release|Win32
		{9A60C030-A6BB-443D-B490-682DCFE027FE}.Debug.ActiveCfg = Debug|Win32
		{9A60C030-A6BB-443D-B490-682DCFE027FE}.Debug.Build.0 = Debug|Win32
		{9A60C030-A6BB-443D-B490-682DCFE027FE}.Debug9x.ActiveCfg = Debug|Win32
		{9A60C030-A6BB-443D-B490-682DCFE027FE}.Debug9x.Build.0 = Debug|Win32
		{9A60C030-A6BB-443D-B490-682DCFE027FE}.MDd.ActiveCfg = MDd|Win32
		{9A60C030-A6BB-443D-B490-682DCFE027FE}.MDd.Build.0 = MDd|Win32
		{9A60C030-A6BB-443D-B490-682DCFE027FE}.MTd.ActiveCfg = MTd|Win32
		{9A60C030-A6BB-443D-B490-682DCFE027FE}.MTd.Build.0 = MTd|Win32
		{9A60C030-A6BB-443D-B490-682DCFE027FE}.Release.ActiveCfg = Release|Win32
		{9A60C030-A6BB-443D-B490-682DCFE027FE}.Release.Build.0 = Release|Win32
		{9A60C030-A6BB-443D-B490-682DCFE027FE}.Release9x.ActiveCfg = Release|Win32
		{9A60C030-A6BB-443D-B490-682DCFE027FE}.Release9x.Build.0 = Release|Win32
		{3E1F0205-41A4-41D9-B569-7FB1058111F2}.Debug.ActiveCfg = Debug|Win32
		{3E1F0205-41A4-41D9-B569-7FB1058111F2}.Debug.Build.0 = Debug|Win32
		{3E1F0205-41A4-41D9-B569-7FB1058111F2}.Debug9x.ActiveCfg = Debug|Win32
		{3E1F0205-41A4-41D9-B569-7FB1058111F2}.Debug9x.Build.0 = Debug|Win32
		{3E1F0205-41A4-41D9-B569-7FB1058111F2}.MDd.ActiveCfg = MDd|Win32
		{3E1F0205-41A4-41D9-B569-7FB1058111F2}.MDd.Build.0 = MDd|Win32
		{3E1F0205-41A4-41D9-B569-7FB1058111F2}.MTd.ActiveCfg = MTd|Win32
		{3E1F0205-41A4-41D9-B569-7FB1058111F2}.MTd.Build.0 = MTd|Win32
		{3E1F0205-41A4-41D9-B569-7FB1058111F2}.Release.ActiveCfg = Release|Win32
		{3E1F0205-41A4-41D9-B569-7FB1058111F2}.Release.Build.0 = Release|Win32
		{3E1F0205-41A4-41D9-B569-7FB1058111F2}.Release9x.ActiveCfg = Release|Win32
		{3E1F0205-41A4-41D9-B569-7FB1058111F2}.Release9x.Build.0 = Release|Win32
	EndGlobalSection
	GlobalSection(SolutionItems) = postSolution
		..\src\main\include\log4cxx\log4cxx.hw = ..\src\main\include\log4cxx\log4cxx.hw
	EndGlobalSection
	GlobalSection(ExtensibilityGlobals) = postSolution
	EndGlobalSection
	GlobalSection(ExtensibilityAddIns) = postSolution
	EndGlobalSection
EndGlobal
