
Microsoft Visual Studio Solution File, Format Version 9.00
# Visual Studio 2005
Project("{FAE04EC0-301F-11D3-BF4B-00C04F79EFBC}") = "Kom2GUI", "Kom2GUI\Kom2GUI.csproj", "{120F7790-47B2-4E1F-876E-2600128D782C}"
EndProject
Project("{FAE04EC0-301F-11D3-BF4B-00C04F79EFBC}") = "ESBuildTask", "ESBuildTask\ESBuildTask.csproj", "{E1F9BB78-57CF-40D4-BF99-2AF023E1382B}"
EndProject
Project("{FAE04EC0-301F-11D3-BF4B-00C04F79EFBC}") = "Kom2.NET", "Kom2.NET\Kom2.NET.csproj", "{DFBFC8B5-574F-4F23-BE41-FFA34B95A3DE}"
EndProject
Project("{8BC9CEB8-8B4A-11D0-8D11-00A0C91BC942}") = "KPatcherLib", "KPatcherLib\KPatcherLib.vcproj", "{B5E3F375-4F59-484B-82E4-80765181C2F7}"
	ProjectSection(ProjectDependencies) = postProject
		{AF22B02D-84CC-46C7-A832-AA5F44121452} = {AF22B02D-84CC-46C7-A832-AA5F44121452}
		{A89E843C-E82B-48E3-B7B1-5A5DC6B8B53F} = {A89E843C-E82B-48E3-B7B1-5A5DC6B8B53F}
		{9E86B383-F4E9-44F6-9A60-4B97216FF149} = {9E86B383-F4E9-44F6-9A60-4B97216FF149}
	EndProjectSection
EndProject
Project("{8BC9CEB8-8B4A-11D0-8D11-00A0C91BC942}") = "test", "Test\test.vcproj", "{36C89DDA-28DE-48D7-A35A-861718DCA7E6}"
	ProjectSection(ProjectDependencies) = postProject
		{B5E3F375-4F59-484B-82E4-80765181C2F7} = {B5E3F375-4F59-484B-82E4-80765181C2F7}
		{A89E843C-E82B-48E3-B7B1-5A5DC6B8B53F} = {A89E843C-E82B-48E3-B7B1-5A5DC6B8B53F}
		{AF22B02D-84CC-46C7-A832-AA5F44121452} = {AF22B02D-84CC-46C7-A832-AA5F44121452}
	EndProjectSection
EndProject
Project("{8BC9CEB8-8B4A-11D0-8D11-00A0C91BC942}") = "libcurl", "libcurl\libcurl.vcproj", "{AF22B02D-84CC-46C7-A832-AA5F44121452}"
EndProject
Project("{8BC9CEB8-8B4A-11D0-8D11-00A0C91BC942}") = "libxml", "libxml\libxml.vcproj", "{A89E843C-E82B-48E3-B7B1-5A5DC6B8B53F}"
EndProject
Project("{FAE04EC0-301F-11D3-BF4B-00C04F79EFBC}") = "test.net", "test.net\test.net.csproj", "{737E99FB-61E3-418A-9923-4CE5658F70AC}"
EndProject
Project("{FAE04EC0-301F-11D3-BF4B-00C04F79EFBC}") = "CrashAlayzeTask", "CrashAlayzeTask\CrashAlayzeTask.csproj", "{4F79AF41-B6F7-4CAC-867D-2D2C5276C71F}"
EndProject
Project("{FAE04EC0-301F-11D3-BF4B-00C04F79EFBC}") = "BlowfishNET", "BlowfishNET\BlowfishNET.csproj", "{923C8E4C-2C42-44A8-AE69-31761500D4F1}"
EndProject
Project("{8BC9CEB8-8B4A-11D0-8D11-00A0C91BC942}") = "Kom2", "Kom2\Kom2.vcproj", "{9E86B383-F4E9-44F6-9A60-4B97216FF149}"
EndProject
Global
	GlobalSection(SolutionConfigurationPlatforms) = preSolution
		Debug|Any CPU = Debug|Any CPU
		Debug|Mixed Platforms = Debug|Mixed Platforms
		Debug|Win32 = Debug|Win32
		Debug|x86 = Debug|x86
		Release|Any CPU = Release|Any CPU
		Release|Mixed Platforms = Release|Mixed Platforms
		Release|Win32 = Release|Win32
		Release|x86 = Release|x86
	EndGlobalSection
	GlobalSection(ProjectConfigurationPlatforms) = postSolution
		{120F7790-47B2-4E1F-876E-2600128D782C}.Debug|Any CPU.ActiveCfg = Debug|Any CPU
		{120F7790-47B2-4E1F-876E-2600128D782C}.Debug|Any CPU.Build.0 = Debug|Any CPU
		{120F7790-47B2-4E1F-876E-2600128D782C}.Debug|Mixed Platforms.ActiveCfg = Debug|Any CPU
		{120F7790-47B2-4E1F-876E-2600128D782C}.Debug|Mixed Platforms.Build.0 = Debug|Any CPU
		{120F7790-47B2-4E1F-876E-2600128D782C}.Debug|Win32.ActiveCfg = Debug|Any CPU
		{120F7790-47B2-4E1F-876E-2600128D782C}.Debug|Win32.Build.0 = Debug|Any CPU
		{120F7790-47B2-4E1F-876E-2600128D782C}.Debug|x86.ActiveCfg = Debug|Any CPU
		{120F7790-47B2-4E1F-876E-2600128D782C}.Release|Any CPU.ActiveCfg = Release|Any CPU
		{120F7790-47B2-4E1F-876E-2600128D782C}.Release|Any CPU.Build.0 = Release|Any CPU
		{120F7790-47B2-4E1F-876E-2600128D782C}.Release|Mixed Platforms.ActiveCfg = Release|Any CPU
		{120F7790-47B2-4E1F-876E-2600128D782C}.Release|Mixed Platforms.Build.0 = Release|Any CPU
		{120F7790-47B2-4E1F-876E-2600128D782C}.Release|Win32.ActiveCfg = Release|Any CPU
		{120F7790-47B2-4E1F-876E-2600128D782C}.Release|Win32.Build.0 = Release|Any CPU
		{120F7790-47B2-4E1F-876E-2600128D782C}.Release|x86.ActiveCfg = Release|Any CPU
		{E1F9BB78-57CF-40D4-BF99-2AF023E1382B}.Debug|Any CPU.ActiveCfg = Debug|Any CPU
		{E1F9BB78-57CF-40D4-BF99-2AF023E1382B}.Debug|Any CPU.Build.0 = Debug|Any CPU
		{E1F9BB78-57CF-40D4-BF99-2AF023E1382B}.Debug|Mixed Platforms.ActiveCfg = Debug|Any CPU
		{E1F9BB78-57CF-40D4-BF99-2AF023E1382B}.Debug|Mixed Platforms.Build.0 = Debug|Any CPU
		{E1F9BB78-57CF-40D4-BF99-2AF023E1382B}.Debug|Win32.ActiveCfg = Debug|Any CPU
		{E1F9BB78-57CF-40D4-BF99-2AF023E1382B}.Debug|Win32.Build.0 = Debug|Any CPU
		{E1F9BB78-57CF-40D4-BF99-2AF023E1382B}.Debug|x86.ActiveCfg = Debug|Any CPU
		{E1F9BB78-57CF-40D4-BF99-2AF023E1382B}.Debug|x86.Build.0 = Debug|Any CPU
		{E1F9BB78-57CF-40D4-BF99-2AF023E1382B}.Release|Any CPU.ActiveCfg = Release|Any CPU
		{E1F9BB78-57CF-40D4-BF99-2AF023E1382B}.Release|Any CPU.Build.0 = Release|Any CPU
		{E1F9BB78-57CF-40D4-BF99-2AF023E1382B}.Release|Mixed Platforms.ActiveCfg = Release|Any CPU
		{E1F9BB78-57CF-40D4-BF99-2AF023E1382B}.Release|Mixed Platforms.Build.0 = Release|Any CPU
		{E1F9BB78-57CF-40D4-BF99-2AF023E1382B}.Release|Win32.ActiveCfg = Release|Any CPU
		{E1F9BB78-57CF-40D4-BF99-2AF023E1382B}.Release|Win32.Build.0 = Release|Any CPU
		{E1F9BB78-57CF-40D4-BF99-2AF023E1382B}.Release|x86.ActiveCfg = Release|x86
		{E1F9BB78-57CF-40D4-BF99-2AF023E1382B}.Release|x86.Build.0 = Release|x86
		{DFBFC8B5-574F-4F23-BE41-FFA34B95A3DE}.Debug|Any CPU.ActiveCfg = Debug|Any CPU
		{DFBFC8B5-574F-4F23-BE41-FFA34B95A3DE}.Debug|Any CPU.Build.0 = Debug|Any CPU
		{DFBFC8B5-574F-4F23-BE41-FFA34B95A3DE}.Debug|Mixed Platforms.ActiveCfg = Debug|Any CPU
		{DFBFC8B5-574F-4F23-BE41-FFA34B95A3DE}.Debug|Mixed Platforms.Build.0 = Debug|Any CPU
		{DFBFC8B5-574F-4F23-BE41-FFA34B95A3DE}.Debug|Win32.ActiveCfg = Debug|Any CPU
		{DFBFC8B5-574F-4F23-BE41-FFA34B95A3DE}.Debug|Win32.Build.0 = Debug|Any CPU
		{DFBFC8B5-574F-4F23-BE41-FFA34B95A3DE}.Debug|x86.ActiveCfg = Debug|Any CPU
		{DFBFC8B5-574F-4F23-BE41-FFA34B95A3DE}.Release|Any CPU.ActiveCfg = Release|Any CPU
		{DFBFC8B5-574F-4F23-BE41-FFA34B95A3DE}.Release|Any CPU.Build.0 = Release|Any CPU
		{DFBFC8B5-574F-4F23-BE41-FFA34B95A3DE}.Release|Mixed Platforms.ActiveCfg = Release|Any CPU
		{DFBFC8B5-574F-4F23-BE41-FFA34B95A3DE}.Release|Mixed Platforms.Build.0 = Release|Any CPU
		{DFBFC8B5-574F-4F23-BE41-FFA34B95A3DE}.Release|Win32.ActiveCfg = Release|Any CPU
		{DFBFC8B5-574F-4F23-BE41-FFA34B95A3DE}.Release|Win32.Build.0 = Release|Any CPU
		{DFBFC8B5-574F-4F23-BE41-FFA34B95A3DE}.Release|x86.ActiveCfg = Release|Any CPU
		{B5E3F375-4F59-484B-82E4-80765181C2F7}.Debug|Any CPU.ActiveCfg = Debug|Win32
		{B5E3F375-4F59-484B-82E4-80765181C2F7}.Debug|Mixed Platforms.ActiveCfg = Debug|Win32
		{B5E3F375-4F59-484B-82E4-80765181C2F7}.Debug|Mixed Platforms.Build.0 = Debug|Win32
		{B5E3F375-4F59-484B-82E4-80765181C2F7}.Debug|Win32.ActiveCfg = Debug|Win32
		{B5E3F375-4F59-484B-82E4-80765181C2F7}.Debug|Win32.Build.0 = Debug|Win32
		{B5E3F375-4F59-484B-82E4-80765181C2F7}.Debug|x86.ActiveCfg = Debug|Win32
		{B5E3F375-4F59-484B-82E4-80765181C2F7}.Release|Any CPU.ActiveCfg = Release|Win32
		{B5E3F375-4F59-484B-82E4-80765181C2F7}.Release|Mixed Platforms.ActiveCfg = Release|Win32
		{B5E3F375-4F59-484B-82E4-80765181C2F7}.Release|Mixed Platforms.Build.0 = Release|Win32
		{B5E3F375-4F59-484B-82E4-80765181C2F7}.Release|Win32.ActiveCfg = Release|Win32
		{B5E3F375-4F59-484B-82E4-80765181C2F7}.Release|Win32.Build.0 = Release|Win32
		{B5E3F375-4F59-484B-82E4-80765181C2F7}.Release|x86.ActiveCfg = Release|Win32
		{36C89DDA-28DE-48D7-A35A-861718DCA7E6}.Debug|Any CPU.ActiveCfg = Debug|Win32
		{36C89DDA-28DE-48D7-A35A-861718DCA7E6}.Debug|Mixed Platforms.ActiveCfg = Debug|Win32
		{36C89DDA-28DE-48D7-A35A-861718DCA7E6}.Debug|Mixed Platforms.Build.0 = Debug|Win32
		{36C89DDA-28DE-48D7-A35A-861718DCA7E6}.Debug|Win32.ActiveCfg = Debug|Win32
		{36C89DDA-28DE-48D7-A35A-861718DCA7E6}.Debug|Win32.Build.0 = Debug|Win32
		{36C89DDA-28DE-48D7-A35A-861718DCA7E6}.Debug|x86.ActiveCfg = Debug|Win32
		{36C89DDA-28DE-48D7-A35A-861718DCA7E6}.Release|Any CPU.ActiveCfg = Release|Win32
		{36C89DDA-28DE-48D7-A35A-861718DCA7E6}.Release|Mixed Platforms.ActiveCfg = Release|Win32
		{36C89DDA-28DE-48D7-A35A-861718DCA7E6}.Release|Mixed Platforms.Build.0 = Release|Win32
		{36C89DDA-28DE-48D7-A35A-861718DCA7E6}.Release|Win32.ActiveCfg = Release|Win32
		{36C89DDA-28DE-48D7-A35A-861718DCA7E6}.Release|Win32.Build.0 = Release|Win32
		{36C89DDA-28DE-48D7-A35A-861718DCA7E6}.Release|x86.ActiveCfg = Release|Win32
		{AF22B02D-84CC-46C7-A832-AA5F44121452}.Debug|Any CPU.ActiveCfg = Debug|Win32
		{AF22B02D-84CC-46C7-A832-AA5F44121452}.Debug|Mixed Platforms.ActiveCfg = Debug|Win32
		{AF22B02D-84CC-46C7-A832-AA5F44121452}.Debug|Mixed Platforms.Build.0 = Debug|Win32
		{AF22B02D-84CC-46C7-A832-AA5F44121452}.Debug|Win32.ActiveCfg = Debug|Win32
		{AF22B02D-84CC-46C7-A832-AA5F44121452}.Debug|Win32.Build.0 = Debug|Win32
		{AF22B02D-84CC-46C7-A832-AA5F44121452}.Debug|x86.ActiveCfg = Debug|Win32
		{AF22B02D-84CC-46C7-A832-AA5F44121452}.Release|Any CPU.ActiveCfg = Release|Win32
		{AF22B02D-84CC-46C7-A832-AA5F44121452}.Release|Mixed Platforms.ActiveCfg = Release|Win32
		{AF22B02D-84CC-46C7-A832-AA5F44121452}.Release|Mixed Platforms.Build.0 = Release|Win32
		{AF22B02D-84CC-46C7-A832-AA5F44121452}.Release|Win32.ActiveCfg = Release|Win32
		{AF22B02D-84CC-46C7-A832-AA5F44121452}.Release|Win32.Build.0 = Release|Win32
		{AF22B02D-84CC-46C7-A832-AA5F44121452}.Release|x86.ActiveCfg = Release|Win32
		{A89E843C-E82B-48E3-B7B1-5A5DC6B8B53F}.Debug|Any CPU.ActiveCfg = Debug|Win32
		{A89E843C-E82B-48E3-B7B1-5A5DC6B8B53F}.Debug|Mixed Platforms.ActiveCfg = Debug|Win32
		{A89E843C-E82B-48E3-B7B1-5A5DC6B8B53F}.Debug|Mixed Platforms.Build.0 = Debug|Win32
		{A89E843C-E82B-48E3-B7B1-5A5DC6B8B53F}.Debug|Win32.ActiveCfg = Debug|Win32
		{A89E843C-E82B-48E3-B7B1-5A5DC6B8B53F}.Debug|Win32.Build.0 = Debug|Win32
		{A89E843C-E82B-48E3-B7B1-5A5DC6B8B53F}.Debug|x86.ActiveCfg = Debug|Win32
		{A89E843C-E82B-48E3-B7B1-5A5DC6B8B53F}.Release|Any CPU.ActiveCfg = Release|Win32
		{A89E843C-E82B-48E3-B7B1-5A5DC6B8B53F}.Release|Mixed Platforms.ActiveCfg = Release|Win32
		{A89E843C-E82B-48E3-B7B1-5A5DC6B8B53F}.Release|Mixed Platforms.Build.0 = Release|Win32
		{A89E843C-E82B-48E3-B7B1-5A5DC6B8B53F}.Release|Win32.ActiveCfg = Release|Win32
		{A89E843C-E82B-48E3-B7B1-5A5DC6B8B53F}.Release|Win32.Build.0 = Release|Win32
		{A89E843C-E82B-48E3-B7B1-5A5DC6B8B53F}.Release|x86.ActiveCfg = Release|Win32
		{737E99FB-61E3-418A-9923-4CE5658F70AC}.Debug|Any CPU.ActiveCfg = Debug|Any CPU
		{737E99FB-61E3-418A-9923-4CE5658F70AC}.Debug|Any CPU.Build.0 = Debug|Any CPU
		{737E99FB-61E3-418A-9923-4CE5658F70AC}.Debug|Mixed Platforms.ActiveCfg = Debug|Any CPU
		{737E99FB-61E3-418A-9923-4CE5658F70AC}.Debug|Mixed Platforms.Build.0 = Debug|Any CPU
		{737E99FB-61E3-418A-9923-4CE5658F70AC}.Debug|Win32.ActiveCfg = Debug|Any CPU
		{737E99FB-61E3-418A-9923-4CE5658F70AC}.Debug|Win32.Build.0 = Debug|Any CPU
		{737E99FB-61E3-418A-9923-4CE5658F70AC}.Debug|x86.ActiveCfg = Debug|Any CPU
		{737E99FB-61E3-418A-9923-4CE5658F70AC}.Release|Any CPU.ActiveCfg = Release|Any CPU
		{737E99FB-61E3-418A-9923-4CE5658F70AC}.Release|Any CPU.Build.0 = Release|Any CPU
		{737E99FB-61E3-418A-9923-4CE5658F70AC}.Release|Mixed Platforms.ActiveCfg = Release|Any CPU
		{737E99FB-61E3-418A-9923-4CE5658F70AC}.Release|Mixed Platforms.Build.0 = Release|Any CPU
		{737E99FB-61E3-418A-9923-4CE5658F70AC}.Release|Win32.ActiveCfg = Release|Any CPU
		{737E99FB-61E3-418A-9923-4CE5658F70AC}.Release|x86.ActiveCfg = Release|Any CPU
		{4F79AF41-B6F7-4CAC-867D-2D2C5276C71F}.Debug|Any CPU.ActiveCfg = Debug|Any CPU
		{4F79AF41-B6F7-4CAC-867D-2D2C5276C71F}.Debug|Any CPU.Build.0 = Debug|Any CPU
		{4F79AF41-B6F7-4CAC-867D-2D2C5276C71F}.Debug|Mixed Platforms.ActiveCfg = Debug|Any CPU
		{4F79AF41-B6F7-4CAC-867D-2D2C5276C71F}.Debug|Mixed Platforms.Build.0 = Debug|Any CPU
		{4F79AF41-B6F7-4CAC-867D-2D2C5276C71F}.Debug|Win32.ActiveCfg = Debug|Any CPU
		{4F79AF41-B6F7-4CAC-867D-2D2C5276C71F}.Debug|Win32.Build.0 = Debug|Any CPU
		{4F79AF41-B6F7-4CAC-867D-2D2C5276C71F}.Debug|x86.ActiveCfg = Debug|Any CPU
		{4F79AF41-B6F7-4CAC-867D-2D2C5276C71F}.Release|Any CPU.ActiveCfg = Release|Any CPU
		{4F79AF41-B6F7-4CAC-867D-2D2C5276C71F}.Release|Any CPU.Build.0 = Release|Any CPU
		{4F79AF41-B6F7-4CAC-867D-2D2C5276C71F}.Release|Mixed Platforms.ActiveCfg = Release|Any CPU
		{4F79AF41-B6F7-4CAC-867D-2D2C5276C71F}.Release|Mixed Platforms.Build.0 = Release|Any CPU
		{4F79AF41-B6F7-4CAC-867D-2D2C5276C71F}.Release|Win32.ActiveCfg = Release|Any CPU
		{4F79AF41-B6F7-4CAC-867D-2D2C5276C71F}.Release|Win32.Build.0 = Release|Any CPU
		{4F79AF41-B6F7-4CAC-867D-2D2C5276C71F}.Release|x86.ActiveCfg = Release|Any CPU
		{923C8E4C-2C42-44A8-AE69-31761500D4F1}.Debug|Any CPU.ActiveCfg = Debug|Any CPU
		{923C8E4C-2C42-44A8-AE69-31761500D4F1}.Debug|Any CPU.Build.0 = Debug|Any CPU
		{923C8E4C-2C42-44A8-AE69-31761500D4F1}.Debug|Mixed Platforms.ActiveCfg = Debug|Any CPU
		{923C8E4C-2C42-44A8-AE69-31761500D4F1}.Debug|Mixed Platforms.Build.0 = Debug|Any CPU
		{923C8E4C-2C42-44A8-AE69-31761500D4F1}.Debug|Win32.ActiveCfg = Debug|Any CPU
		{923C8E4C-2C42-44A8-AE69-31761500D4F1}.Debug|x86.ActiveCfg = Debug|Any CPU
		{923C8E4C-2C42-44A8-AE69-31761500D4F1}.Release|Any CPU.ActiveCfg = Release|Any CPU
		{923C8E4C-2C42-44A8-AE69-31761500D4F1}.Release|Any CPU.Build.0 = Release|Any CPU
		{923C8E4C-2C42-44A8-AE69-31761500D4F1}.Release|Mixed Platforms.ActiveCfg = Release|Any CPU
		{923C8E4C-2C42-44A8-AE69-31761500D4F1}.Release|Mixed Platforms.Build.0 = Release|Any CPU
		{923C8E4C-2C42-44A8-AE69-31761500D4F1}.Release|Win32.ActiveCfg = Release|Any CPU
		{923C8E4C-2C42-44A8-AE69-31761500D4F1}.Release|x86.ActiveCfg = Release|Any CPU
		{9E86B383-F4E9-44F6-9A60-4B97216FF149}.Debug|Any CPU.ActiveCfg = Debug|Win32
		{9E86B383-F4E9-44F6-9A60-4B97216FF149}.Debug|Mixed Platforms.ActiveCfg = Debug|Win32
		{9E86B383-F4E9-44F6-9A60-4B97216FF149}.Debug|Mixed Platforms.Build.0 = Debug|Win32
		{9E86B383-F4E9-44F6-9A60-4B97216FF149}.Debug|Win32.ActiveCfg = Debug|Win32
		{9E86B383-F4E9-44F6-9A60-4B97216FF149}.Debug|Win32.Build.0 = Debug|Win32
		{9E86B383-F4E9-44F6-9A60-4B97216FF149}.Debug|x86.ActiveCfg = Debug|Win32
		{9E86B383-F4E9-44F6-9A60-4B97216FF149}.Release|Any CPU.ActiveCfg = Release|Win32
		{9E86B383-F4E9-44F6-9A60-4B97216FF149}.Release|Mixed Platforms.ActiveCfg = Release|Win32
		{9E86B383-F4E9-44F6-9A60-4B97216FF149}.Release|Mixed Platforms.Build.0 = Release|Win32
		{9E86B383-F4E9-44F6-9A60-4B97216FF149}.Release|Win32.ActiveCfg = Release|Win32
		{9E86B383-F4E9-44F6-9A60-4B97216FF149}.Release|Win32.Build.0 = Release|Win32
		{9E86B383-F4E9-44F6-9A60-4B97216FF149}.Release|x86.ActiveCfg = Release|Win32
	EndGlobalSection
	GlobalSection(SolutionProperties) = preSolution
		HideSolutionNode = FALSE
	EndGlobalSection
	GlobalSection(SubversionScc) = preSolution
		Svn-Managed = True
		Manager = AnkhSVN - Subversion Support for Visual Studio
	EndGlobalSection
EndGlobal
