
Microsoft Visual Studio Solution File, Format Version 9.00
# Visual Studio 2005
Project("{8BC9CEB8-8B4A-11D0-8D11-00A0C91BC942}") = "apr", "..\..\apr\apr.vcproj", "{9C9816BF-C42A-468E-BE6B-CE59A8F31054}"
EndProject
Project("{8BC9CEB8-8B4A-11D0-8D11-00A0C91BC942}") = "xml", "..\..\apr-util\xml\expat\lib\xml.vcproj", "{37AF1F66-D4D0-429F-8973-8D5D11A16179}"
EndProject
Project("{8BC9CEB8-8B4A-11D0-8D11-00A0C91BC942}") = "aprutil", "..\..\apr-util\aprutil.vcproj", "{A6F317DD-E5E2-4A83-9448-08AEC3449A90}"
	ProjectSection(ProjectDependencies) = postProject
		{37AF1F66-D4D0-429F-8973-8D5D11A16179} = {37AF1F66-D4D0-429F-8973-8D5D11A16179}
		{9C9816BF-C42A-468E-BE6B-CE59A8F31054} = {9C9816BF-C42A-468E-BE6B-CE59A8F31054}
	EndProjectSection
EndProject
Project("{8BC9CEB8-8B4A-11D0-8D11-00A0C91BC942}") = "log4cxx", "log4cxx.vcproj", "{44F64883-DFE1-4376-A508-E69074F5462E}"
	ProjectSection(ProjectDependencies) = postProject
		{A6F317DD-E5E2-4A83-9448-08AEC3449A90} = {A6F317DD-E5E2-4A83-9448-08AEC3449A90}
		{37AF1F66-D4D0-429F-8973-8D5D11A16179} = {37AF1F66-D4D0-429F-8973-8D5D11A16179}
		{9C9816BF-C42A-468E-BE6B-CE59A8F31054} = {9C9816BF-C42A-468E-BE6B-CE59A8F31054}
	EndProjectSection
EndProject
Global
	GlobalSection(SolutionConfigurationPlatforms) = preSolution
		Debug|Win32 = Debug|Win32
		Debug9x|Win32 = Debug9x|Win32
		Release|Win32 = Release|Win32
		Release9x|Win32 = Release9x|Win32
	EndGlobalSection
	GlobalSection(ProjectConfigurationPlatforms) = postSolution
		{9C9816BF-C42A-468E-BE6B-CE59A8F31054}.Debug|Win32.ActiveCfg = Debug|Win32
		{9C9816BF-C42A-468E-BE6B-CE59A8F31054}.Debug|Win32.Build.0 = Debug|Win32
		{9C9816BF-C42A-468E-BE6B-CE59A8F31054}.Debug9x|Win32.ActiveCfg = Debug9x|Win32
		{9C9816BF-C42A-468E-BE6B-CE59A8F31054}.Debug9x|Win32.Build.0 = Debug9x|Win32
		{9C9816BF-C42A-468E-BE6B-CE59A8F31054}.Release|Win32.ActiveCfg = Release|Win32
		{9C9816BF-C42A-468E-BE6B-CE59A8F31054}.Release|Win32.Build.0 = Release|Win32
		{9C9816BF-C42A-468E-BE6B-CE59A8F31054}.Release9x|Win32.ActiveCfg = Release9x|Win32
		{9C9816BF-C42A-468E-BE6B-CE59A8F31054}.Release9x|Win32.Build.0 = Release9x|Win32
		{37AF1F66-D4D0-429F-8973-8D5D11A16179}.Debug|Win32.ActiveCfg = Debug|Win32
		{37AF1F66-D4D0-429F-8973-8D5D11A16179}.Debug|Win32.Build.0 = Debug|Win32
		{37AF1F66-D4D0-429F-8973-8D5D11A16179}.Debug9x|Win32.ActiveCfg = Debug|Win32
		{37AF1F66-D4D0-429F-8973-8D5D11A16179}.Debug9x|Win32.Build.0 = Debug|Win32
		{37AF1F66-D4D0-429F-8973-8D5D11A16179}.Release|Win32.ActiveCfg = Release|Win32
		{37AF1F66-D4D0-429F-8973-8D5D11A16179}.Release|Win32.Build.0 = Release|Win32
		{37AF1F66-D4D0-429F-8973-8D5D11A16179}.Release9x|Win32.ActiveCfg = Release|Win32
		{37AF1F66-D4D0-429F-8973-8D5D11A16179}.Release9x|Win32.Build.0 = Release|Win32
		{A6F317DD-E5E2-4A83-9448-08AEC3449A90}.Debug|Win32.ActiveCfg = Debug|Win32
		{A6F317DD-E5E2-4A83-9448-08AEC3449A90}.Debug|Win32.Build.0 = Debug|Win32
		{A6F317DD-E5E2-4A83-9448-08AEC3449A90}.Debug9x|Win32.ActiveCfg = Debug|Win32
		{A6F317DD-E5E2-4A83-9448-08AEC3449A90}.Debug9x|Win32.Build.0 = Debug|Win32
		{A6F317DD-E5E2-4A83-9448-08AEC3449A90}.Release|Win32.ActiveCfg = Release|Win32
		{A6F317DD-E5E2-4A83-9448-08AEC3449A90}.Release|Win32.Build.0 = Release|Win32
		{A6F317DD-E5E2-4A83-9448-08AEC3449A90}.Release9x|Win32.ActiveCfg = Release|Win32
		{A6F317DD-E5E2-4A83-9448-08AEC3449A90}.Release9x|Win32.Build.0 = Release|Win32
		{44F64883-DFE1-4376-A508-E69074F5462E}.Debug|Win32.ActiveCfg = Debug|Win32
		{44F64883-DFE1-4376-A508-E69074F5462E}.Debug|Win32.Build.0 = Debug|Win32
		{44F64883-DFE1-4376-A508-E69074F5462E}.Debug9x|Win32.ActiveCfg = Debug|Win32
		{44F64883-DFE1-4376-A508-E69074F5462E}.Debug9x|Win32.Build.0 = Debug|Win32
		{44F64883-DFE1-4376-A508-E69074F5462E}.Release|Win32.ActiveCfg = Release|Win32
		{44F64883-DFE1-4376-A508-E69074F5462E}.Release|Win32.Build.0 = Release|Win32
		{44F64883-DFE1-4376-A508-E69074F5462E}.Release9x|Win32.ActiveCfg = Release|Win32
		{44F64883-DFE1-4376-A508-E69074F5462E}.Release9x|Win32.Build.0 = Release|Win32
	EndGlobalSection
	GlobalSection(SolutionProperties) = preSolution
		HideSolutionNode = FALSE
	EndGlobalSection
EndGlobal
